
Microsoft Visual Studio Solution File, Format Version 12.00
# Visual Studio 15
VisualStudioVersion = 15.0.28010.2036
MinimumVisualStudioVersion = 10.0.40219.1
Project("{9A19103F-16F7-4668-BE54-9A1E7A4F7556}") = "Bogosoft.Addressing", "Bogosoft.Addressing\Bogosoft.Addressing.csproj", "{57ADB327-96EA-48B2-BDF7-FB74B2902A91}"
EndProject
Project("{FAE04EC0-301F-11D3-BF4B-00C04F79EFBC}") = "Bogosoft.Addressing.Tests", "Bogosoft.Addressing.Tests\Bogosoft.Addressing.Tests.csproj", "{DCC00246-CFE4-4E2E-A18D-BC737EFF9DE8}"
EndProject
Global
	GlobalSection(SolutionConfigurationPlatforms) = preSolution
		Debug|Any CPU = Debug|Any CPU
		Release|Any CPU = Release|Any CPU
	EndGlobalSection
	GlobalSection(ProjectConfigurationPlatforms) = postSolution
		{57ADB327-96EA-48B2-BDF7-FB74B2902A91}.Debug|Any CPU.ActiveCfg = Debug|Any CPU
		{57ADB327-96EA-48B2-BDF7-FB74B2902A91}.Debug|Any CPU.Build.0 = Debug|Any CPU
		{57ADB327-96EA-48B2-BDF7-FB74B2902A91}.Release|Any CPU.ActiveCfg = Release|Any CPU
		{57ADB327-96EA-48B2-BDF7-FB74B2902A91}.Release|Any CPU.Build.0 = Release|Any CPU
		{DCC00246-CFE4-4E2E-A18D-BC737EFF9DE8}.Debug|Any CPU.ActiveCfg = Debug|Any CPU
		{DCC00246-CFE4-4E2E-A18D-BC737EFF9DE8}.Debug|Any CPU.Build.0 = Debug|Any CPU
		{DCC00246-CFE4-4E2E-A18D-BC737EFF9DE8}.Release|Any CPU.ActiveCfg = Release|Any CPU
		{DCC00246-CFE4-4E2E-A18D-BC737EFF9DE8}.Release|Any CPU.Build.0 = Release|Any CPU
	EndGlobalSection
	GlobalSection(SolutionProperties) = preSolution
		HideSolutionNode = FALSE
	EndGlobalSection
	GlobalSection(ExtensibilityGlobals) = postSolution
		SolutionGuid = {CBA3686A-2815-4400-8E73-438EE15849F7}
	EndGlobalSection
EndGlobal
